
Microsoft Visual Studio Solution File, Format Version 12.00
# Visual Studio 15
VisualStudioVersion = 15.0.28010.2046
MinimumVisualStudioVersion = 10.0.40219.1
Project("{FAE04EC0-301F-11D3-BF4B-00C04F79EFBC}") = "Paulina_Kusmierz_48706", "Paulina_Kusmierz_48706\Paulina_Kusmierz_48706.csproj", "{E650D4C7-BD6A-408A-B871-CBF54DEFA050}"
EndProject
Global
	GlobalSection(SolutionConfigurationPlatforms) = preSolution
		Debug|Any CPU = Debug|Any CPU
		Release|Any CPU = Release|Any CPU
	EndGlobalSection
	GlobalSection(ProjectConfigurationPlatforms) = postSolution
		{E650D4C7-BD6A-408A-B871-CBF54DEFA050}.Debug|Any CPU.ActiveCfg = Debug|Any CPU
		{E650D4C7-BD6A-408A-B871-CBF54DEFA050}.Debug|Any CPU.Build.0 = Debug|Any CPU
		{E650D4C7-BD6A-408A-B871-CBF54DEFA050}.Release|Any CPU.ActiveCfg = Release|Any CPU
		{E650D4C7-BD6A-408A-B871-CBF54DEFA050}.Release|Any CPU.Build.0 = Release|Any CPU
	EndGlobalSection
	GlobalSection(SolutionProperties) = preSolution
		HideSolutionNode = FALSE
	EndGlobalSection
	GlobalSection(ExtensibilityGlobals) = postSolution
		SolutionGuid = {7CE5C625-2E01-4E24-9C1C-F0BB15AFE2A9}
	EndGlobalSection
EndGlobal
